
Microsoft Visual Studio Solution File, Format Version 12.00
# Visual Studio Version 17
VisualStudioVersion = 17.8.34525.116
MinimumVisualStudioVersion = 10.0.40219.1
Project("{FAE04EC0-301F-11D3-BF4B-00C04F79EFBC}") = "AdsProject.BussinessEntities", "AdsProject.BussinessEntities\AdsProject.BussinessEntities.csproj", "{F654711D-E35B-4F6B-A1C6-0CDC43FBA23C}"
EndProject
Project("{FAE04EC0-301F-11D3-BF4B-00C04F79EFBC}") = "AdsProject.DataAccessLogic", "AdsProject.DataAccessLogic\AdsProject.DataAccessLogic.csproj", "{031B185E-901F-4D32-BDF0-F1F6D24A8233}"
EndProject
Project("{FAE04EC0-301F-11D3-BF4B-00C04F79EFBC}") = "AdsProject.BussinessLogic", "AdsProject.BussinessLogic\AdsProject.BussinessLogic.csproj", "{0FFF863A-7F04-4876-8A8B-6F4C754FCD73}"
EndProject
Project("{FAE04EC0-301F-11D3-BF4B-00C04F79EFBC}") = "AdsProject.GraphicUserInterface", "AdsProject.GraphicUserInterface\AdsProject.GraphicUserInterface.csproj", "{D673C57E-8743-490C-B7D0-626DA3A587C2}"
EndProject
Global
	GlobalSection(SolutionConfigurationPlatforms) = preSolution
		Debug|Any CPU = Debug|Any CPU
		Release|Any CPU = Release|Any CPU
	EndGlobalSection
	GlobalSection(ProjectConfigurationPlatforms) = postSolution
		{F654711D-E35B-4F6B-A1C6-0CDC43FBA23C}.Debug|Any CPU.ActiveCfg = Debug|Any CPU
		{F654711D-E35B-4F6B-A1C6-0CDC43FBA23C}.Debug|Any CPU.Build.0 = Debug|Any CPU
		{F654711D-E35B-4F6B-A1C6-0CDC43FBA23C}.Release|Any CPU.ActiveCfg = Release|Any CPU
		{F654711D-E35B-4F6B-A1C6-0CDC43FBA23C}.Release|Any CPU.Build.0 = Release|Any CPU
		{031B185E-901F-4D32-BDF0-F1F6D24A8233}.Debug|Any CPU.ActiveCfg = Debug|Any CPU
		{031B185E-901F-4D32-BDF0-F1F6D24A8233}.Debug|Any CPU.Build.0 = Debug|Any CPU
		{031B185E-901F-4D32-BDF0-F1F6D24A8233}.Release|Any CPU.ActiveCfg = Release|Any CPU
		{031B185E-901F-4D32-BDF0-F1F6D24A8233}.Release|Any CPU.Build.0 = Release|Any CPU
		{0FFF863A-7F04-4876-8A8B-6F4C754FCD73}.Debug|Any CPU.ActiveCfg = Debug|Any CPU
		{0FFF863A-7F04-4876-8A8B-6F4C754FCD73}.Debug|Any CPU.Build.0 = Debug|Any CPU
		{0FFF863A-7F04-4876-8A8B-6F4C754FCD73}.Release|Any CPU.ActiveCfg = Release|Any CPU
		{0FFF863A-7F04-4876-8A8B-6F4C754FCD73}.Release|Any CPU.Build.0 = Release|Any CPU
		{D673C57E-8743-490C-B7D0-626DA3A587C2}.Debug|Any CPU.ActiveCfg = Debug|Any CPU
		{D673C57E-8743-490C-B7D0-626DA3A587C2}.Debug|Any CPU.Build.0 = Debug|Any CPU
		{D673C57E-8743-490C-B7D0-626DA3A587C2}.Release|Any CPU.ActiveCfg = Release|Any CPU
		{D673C57E-8743-490C-B7D0-626DA3A587C2}.Release|Any CPU.Build.0 = Release|Any CPU
	EndGlobalSection
	GlobalSection(SolutionProperties) = preSolution
		HideSolutionNode = FALSE
	EndGlobalSection
	GlobalSection(ExtensibilityGlobals) = postSolution
		SolutionGuid = {1122447C-26F2-497B-A178-AB63840DEC58}
	EndGlobalSection
EndGlobal
